
Microsoft Visual Studio Solution File, Format Version 12.00
# Visual Studio Version 16
VisualStudioVersion = 16.0.32602.291
MinimumVisualStudioVersion = 10.0.40219.1
Project("{FAE04EC0-301F-11D3-BF4B-00C04F79EFBC}") = "DebuggerNonUserCode", "DebuggerNonUserCode\DebuggerNonUserCode.csproj", "{06AD6E62-E5FC-4C4C-A845-D43EF2A7EDDC}"
EndProject
Global
	GlobalSection(SolutionConfigurationPlatforms) = preSolution
		Debug|Any CPU = Debug|Any CPU
		Release|Any CPU = Release|Any CPU
	EndGlobalSection
	GlobalSection(ProjectConfigurationPlatforms) = postSolution
		{06AD6E62-E5FC-4C4C-A845-D43EF2A7EDDC}.Debug|Any CPU.ActiveCfg = Debug|Any CPU
		{06AD6E62-E5FC-4C4C-A845-D43EF2A7EDDC}.Debug|Any CPU.Build.0 = Debug|Any CPU
		{06AD6E62-E5FC-4C4C-A845-D43EF2A7EDDC}.Release|Any CPU.ActiveCfg = Release|Any CPU
		{06AD6E62-E5FC-4C4C-A845-D43EF2A7EDDC}.Release|Any CPU.Build.0 = Release|Any CPU
	EndGlobalSection
	GlobalSection(SolutionProperties) = preSolution
		HideSolutionNode = FALSE
	EndGlobalSection
	GlobalSection(ExtensibilityGlobals) = postSolution
		SolutionGuid = {21B5C0CC-3CEB-4F78-872A-018149EF7EEC}
	EndGlobalSection
EndGlobal
